
Microsoft Visual Studio Solution File, Format Version 12.00
# Visual Studio Version 16
VisualStudioVersion = 16.0.28922.388
MinimumVisualStudioVersion = 10.0.40219.1
Project("{FAE04EC0-301F-11D3-BF4B-00C04F79EFBC}") = "WinFormsDevExpress", "WinFormsDevExpress\WinFormsDevExpress.csproj", "{F57403B9-BA8F-4108-A8A1-7B6956BE2450}"
EndProject
Global
	GlobalSection(SolutionConfigurationPlatforms) = preSolution
		Debug|Any CPU = Debug|Any CPU
		Release|Any CPU = Release|Any CPU
	EndGlobalSection
	GlobalSection(ProjectConfigurationPlatforms) = postSolution
		{F57403B9-BA8F-4108-A8A1-7B6956BE2450}.Debug|Any CPU.ActiveCfg = Debug|Any CPU
		{F57403B9-BA8F-4108-A8A1-7B6956BE2450}.Debug|Any CPU.Build.0 = Debug|Any CPU
		{F57403B9-BA8F-4108-A8A1-7B6956BE2450}.Release|Any CPU.ActiveCfg = Release|Any CPU
		{F57403B9-BA8F-4108-A8A1-7B6956BE2450}.Release|Any CPU.Build.0 = Release|Any CPU
	EndGlobalSection
	GlobalSection(SolutionProperties) = preSolution
		HideSolutionNode = FALSE
	EndGlobalSection
	GlobalSection(ExtensibilityGlobals) = postSolution
		SolutionGuid = {001B870D-F16E-4780-ABCD-30F7BB664457}
	EndGlobalSection
EndGlobal
